# Auto-generated by dotagents. Do not edit.
version = 1

[skills.github-issue]
source = "Sadotu/agent-skills"
resolved_url = "https://github.com/Sadotu/agent-skills"
resolved_path = "skills/github-issue"
resolved_commit = "5068d0e835e4a8b09d6dcb2604293298d6d3c238"

[skills.review-pr]
source = "Sadotu/agent-skills"
resolved_url = "https://github.com/Sadotu/agent-skills"
resolved_path = "skills/review-pr"
resolved_commit = "5068d0e835e4a8b09d6dcb2604293298d6d3c238"

[skills.setup]
source = "Sadotu/agent-skills"
resolved_url = "https://github.com/Sadotu/agent-skills"
resolved_path = "skills/setup"
resolved_commit = "5068d0e835e4a8b09d6dcb2604293298d6d3c238"
