{
  "name": "@nickysagan/worktree-warden",
  "version": "0.1.0",
  "lockfileVersion": 3,
  "requires": true,
  "packages": {
    "": {
      "name": "@nickysagan/worktree-warden",
      "version": "0.1.0",
      "license": "MIT",
      "bin": {
        "worktree-warden": "bin/worktree-warden.js"
      },
      "engines": {
        "node": ">=18"
      }
    }
  }
}
